{
  "version": 4,
  "terraform_version": "1.10.5",
  "serial": 20,
  "lineage": "ae22e613-9c6e-8824-6249-69ea262fdee8",
  "outputs": {},
  "resources": [
    {
      "module": "module.EKS_cluster",
      "mode": "data",
      "type": "aws_iam_role",
      "name": "pull_role",
      "provider": "provider[\"registry.terraform.io/hashicorp/aws\"]",
      "instances": [
        {
          "schema_version": 0,
          "attributes": {
            "arn": "arn:aws:iam::794038239470:role/eks_cluster",
            "assume_role_policy": "{\"Version\":\"2012-10-17\",\"Statement\":[{\"Effect\":\"Allow\",\"Principal\":{\"Service\":\"eks.amazonaws.com\"},\"Action\":\"sts:AssumeRole\"}]}",
            "create_date": "2025-03-12T15:32:16Z",
            "description": "Allows the cluster Kubernetes control plane to manage AWS resources on your behalf.",
            "id": "eks_cluster",
            "max_session_duration": 3600,
            "name": "eks_cluster",
            "path": "/",
            "permissions_boundary": "",
            "role_last_used": [
              {
                "last_used_date": "2025-03-12T16:15:55Z",
                "region": "ap-south-1"
              }
            ],
            "tags": {},
            "unique_id": "AROA3RYC6ADXNE4YVQ3EA"
          },
          "sensitive_attributes": []
        }
      ]
    },
    {
      "module": "module.EKS_cluster",
      "mode": "managed",
      "type": "aws_eks_cluster",
      "name": "vineeth-cluster",
      "provider": "provider[\"registry.terraform.io/hashicorp/aws\"]",
      "instances": [
        {
          "schema_version": 1,
          "attributes": {
            "access_config": [
              {
                "authentication_mode": "CONFIG_MAP",
                "bootstrap_cluster_creator_admin_permissions": true
              }
            ],
            "arn": "arn:aws:eks:ap-south-1:794038239470:cluster/vineeth-node",
            "bootstrap_self_managed_addons": true,
            "certificate_authority": [
              {
                "data": "LS0tLS1CRUdJTiBDRVJUSUZJQ0FURS0tLS0tCk1JSURCVENDQWUyZ0F3SUJBZ0lJV3B5SzRObVp0cGN3RFFZSktvWklodmNOQVFFTEJRQXdGVEVUTUJFR0ExVUUKQXhNS2EzVmlaWEp1WlhSbGN6QWVGdzB5TlRBek1USXhOalV3TXpWYUZ3MHpOVEF6TVRBeE5qVTFNelZhTUJVeApFekFSQmdOVkJBTVRDbXQxWW1WeWJtVjBaWE13Z2dFaU1BMEdDU3FHU0liM0RRRUJBUVVBQTRJQkR3QXdnZ0VLCkFvSUJBUURpZ0cwMG9VZDlZYXhiUU9GcEZvKzVML0ZzN3N3NURUZEI0ZkE3QldBZnVLMTNMb3E1ektpN1FDdVoKSnlvbG5OK2pNVFVXeWlkMHN2cXVGcFQ4MnR0eCs4bkk1Mnp2bk5PVlNWOHN1T2w5RllTcVlYY0ZXN3dYelNKZgpGNWNBMktFNzM2WHhWOUsrSFA4aFhPeUNWWVNkd0ZRWmtIcGpPd1VZSDJNQytFdUxJbFViZlRPUktqT2R6QXVmClZFM0Nwa0lITGZHMjgwSDhram1lTlhUbEo2cHZxNVpUblhieHR3N1IxVjRVbEVqcEcydGNLY0UxeURnWVBnUEoKeFZGSHJ0cXBqZHY4MEY2MnhycnlSQzJLMkd3YkFteWJzYkNUR3dBZTFvWVdOcEF2ZDFaSFkwTXAxOUwwR3lmaApXT2ltblJyRldzbVhhUk9qYWxicU5WbWRDNE5QQWdNQkFBR2pXVEJYTUE0R0ExVWREd0VCL3dRRUF3SUNwREFQCkJnTlZIUk1CQWY4RUJUQURBUUgvTUIwR0ExVWREZ1FXQkJTMWNZYkVSdjNOTUxEam50OVZYb1U0Yk8vV0x6QVYKQmdOVkhSRUVEakFNZ2dwcmRXSmxjbTVsZEdWek1BMEdDU3FHU0liM0RRRUJDd1VBQTRJQkFRQXFaVjl6SG1yRQozWGlkWEVkaldOLzNwYnNVVEdieEZLTlFsQkNTS1ozOVBxamZHYnErN212UW1QYmM5MWRtWU9tYmJyT2JNTXNpCkZMTlZUeG4yS0hJRnprWFFHVWwvakpxZzg1MGFGaG9UN3NpVXhXUm5aRU9HZGNodWhRRWlPSkYwdHNLQmZ6anYKeDlIQUNoNnpGR1V1M21lV2YyTkRFUTZJbGdwOUxhOFJjc2JnMzc4YmFIY1NlWmEyd2VFSlloL2pRSHVNeGhkMgowR2hNM0tIQitLc0RDRXdVb21oQ2o2REpiZzNrcXRPbHAvREEzZFdmQ285UXlLNVBlQmVvSHdHZWcwczRZR3BUCnExUkFlQVZCSFNKbXBJRCt3M3RPZCszK2thb3ExVG1ST1NHT1JlLzliRXkvbjNOZEVhRGJFWWpvaGdOemJxVmgKS25VUzJsWDNjVmgwCi0tLS0tRU5EIENFUlRJRklDQVRFLS0tLS0K"
              }
            ],
            "cluster_id": null,
            "compute_config": [],
            "created_at": "2025-03-12T16:51:19Z",
            "enabled_cluster_log_types": null,
            "encryption_config": [],
            "endpoint": "https://326918F5B0A449545E089F62B8F0648A.gr7.ap-south-1.eks.amazonaws.com",
            "id": "vineeth-node",
            "identity": [
              {
                "oidc": [
                  {
                    "issuer": "https://oidc.eks.ap-south-1.amazonaws.com/id/326918F5B0A449545E089F62B8F0648A"
                  }
                ]
              }
            ],
            "kubernetes_network_config": [
              {
                "elastic_load_balancing": [
                  {
                    "enabled": false
                  }
                ],
                "ip_family": "ipv4",
                "service_ipv4_cidr": "10.100.0.0/16",
                "service_ipv6_cidr": ""
              }
            ],
            "name": "vineeth-node",
            "outpost_config": [],
            "platform_version": "eks.20",
            "remote_network_config": [],
            "role_arn": "arn:aws:iam::794038239470:role/eks_cluster",
            "status": "ACTIVE",
            "storage_config": [],
            "tags": null,
            "tags_all": {},
            "timeouts": null,
            "upgrade_policy": [
              {
                "support_type": "EXTENDED"
              }
            ],
            "version": "1.31",
            "vpc_config": [
              {
                "cluster_security_group_id": "sg-0b62953b429a2324a",
                "endpoint_private_access": false,
                "endpoint_public_access": true,
                "public_access_cidrs": [
                  "0.0.0.0/0"
                ],
                "security_group_ids": null,
                "subnet_ids": [
                  "subnet-0a6aa223057c58033",
                  "subnet-0b56866aedd6988d2",
                  "subnet-0ef8a66882d217563"
                ],
                "vpc_id": "vpc-01a28f5952758d1a0"
              }
            ],
            "zonal_shift_config": []
          },
          "sensitive_attributes": [],
          "private": "eyJlMmJmYjczMC1lY2FhLTExZTYtOGY4OC0zNDM2M2JjN2M0YzAiOnsiY3JlYXRlIjoxODAwMDAwMDAwMDAwLCJkZWxldGUiOjkwMDAwMDAwMDAwMCwidXBkYXRlIjozNjAwMDAwMDAwMDAwfSwic2NoZW1hX3ZlcnNpb24iOiIxIn0="
        }
      ]
    },
    {
      "module": "module.EKS_nodegroup",
      "mode": "data",
      "type": "aws_iam_role",
      "name": "pull_ami1",
      "provider": "provider[\"registry.terraform.io/hashicorp/aws\"]",
      "instances": [
        {
          "schema_version": 0,
          "attributes": {
            "arn": "arn:aws:iam::794038239470:role/eks_nodegroup",
            "assume_role_policy": "{\"Version\":\"2012-10-17\",\"Statement\":[{\"Effect\":\"Allow\",\"Principal\":{\"Service\":\"ec2.amazonaws.com\"},\"Action\":\"sts:AssumeRole\"}]}",
            "create_date": "2025-03-12T13:43:22Z",
            "description": "Allows EC2 instances to call AWS services on your behalf.",
            "id": "eks_nodegroup",
            "max_session_duration": 3600,
            "name": "eks_nodegroup",
            "path": "/",
            "permissions_boundary": "",
            "role_last_used": [
              {
                "last_used_date": "2025-03-12T16:14:47Z",
                "region": "ap-south-1"
              }
            ],
            "tags": {},
            "unique_id": "AROA3RYC6ADXCL4QXXQFT"
          },
          "sensitive_attributes": []
        }
      ]
    },
    {
      "module": "module.EKS_nodegroup",
      "mode": "managed",
      "type": "aws_eks_node_group",
      "name": "vineeth-nodegroup",
      "provider": "provider[\"registry.terraform.io/hashicorp/aws\"]",
      "instances": [
        {
          "schema_version": 0,
          "attributes": {
            "ami_type": "AL2_x86_64",
            "arn": "arn:aws:eks:ap-south-1:794038239470:nodegroup/vineeth-node/vineeth-node-group/d6cac5a5-09c8-9953-0ec6-bd96bb85c906",
            "capacity_type": "ON_DEMAND",
            "cluster_name": "vineeth-node",
            "disk_size": 20,
            "force_update_version": null,
            "id": "vineeth-node:vineeth-node-group",
            "instance_types": [
              "t3.medium"
            ],
            "labels": null,
            "launch_template": [],
            "node_group_name": "vineeth-node-group",
            "node_group_name_prefix": "",
            "node_repair_config": [],
            "node_role_arn": "arn:aws:iam::794038239470:role/eks_nodegroup",
            "release_version": "1.31.5-20250228",
            "remote_access": [],
            "resources": [
              {
                "autoscaling_groups": [
                  {
                    "name": "eks-vineeth-node-group-d6cac5a5-09c8-9953-0ec6-bd96bb85c906"
                  }
                ],
                "remote_access_security_group_id": ""
              }
            ],
            "scaling_config": [
              {
                "desired_size": 4,
                "max_size": 20,
                "min_size": 3
              }
            ],
            "status": "ACTIVE",
            "subnet_ids": [
              "subnet-0a6aa223057c58033",
              "subnet-0b56866aedd6988d2",
              "subnet-0ef8a66882d217563"
            ],
            "tags": null,
            "tags_all": {},
            "taint": [],
            "timeouts": null,
            "update_config": [
              {
                "max_unavailable": 1,
                "max_unavailable_percentage": 0
              }
            ],
            "version": "1.31"
          },
          "sensitive_attributes": [],
          "private": "eyJlMmJmYjczMC1lY2FhLTExZTYtOGY4OC0zNDM2M2JjN2M0YzAiOnsiY3JlYXRlIjozNjAwMDAwMDAwMDAwLCJkZWxldGUiOjM2MDAwMDAwMDAwMDAsInVwZGF0ZSI6MzYwMDAwMDAwMDAwMH19",
          "dependencies": [
            "module.EKS_cluster.aws_eks_cluster.vineeth-cluster",
            "module.EKS_cluster.data.aws_iam_role.pull_role"
          ]
        }
      ]
    }
  ],
  "check_results": null
}
